{
  "nodes": {
    "nixpkgs": {
      "locked": {
        "lastModified": 1739923778,
        "narHash": "sha256-BqUY8tz0AQ4to2Z4+uaKczh81zsGZSYxjgvtw+fvIfM=",
        "rev": "36864ed72f234b9540da4cf7a0c49e351d30d3f1",
        "revCount": 714685,
        "type": "tarball",
        "url": "https://api.flakehub.com/f/pinned/NixOS/nixpkgs/0.2411.714685%2Brev-36864ed72f234b9540da4cf7a0c49e351d30d3f1/0195205f-25a8-794d-a512-571fe4b78602/source.tar.gz"
      },
      "original": {
        "type": "tarball",
        "url": "https://flakehub.com/f/NixOS/nixpkgs/0.2411.%2A"
      }
    },
    "root": {
      "inputs": {
        "nixpkgs": "nixpkgs"
      }
    }
  },
  "root": "root",
  "version": 7
}
